
Microsoft Visual Studio Solution File, Format Version 12.00
# Visual Studio Version 17
VisualStudioVersion = 17.2.32616.157
MinimumVisualStudioVersion = 10.0.40219.1
Project("{FAE04EC0-301F-11D3-BF4B-00C04F79EFBC}") = "NethereumChainInformationUtility", "NethereumChainInformationUtility\NethereumChainInformationUtility.csproj", "{DBA828AE-6A6B-4EFB-AB47-2857813445D1}"
EndProject
Global
	GlobalSection(SolutionConfigurationPlatforms) = preSolution
		Debug|Any CPU = Debug|Any CPU
		Release|Any CPU = Release|Any CPU
	EndGlobalSection
	GlobalSection(ProjectConfigurationPlatforms) = postSolution
		{DBA828AE-6A6B-4EFB-AB47-2857813445D1}.Debug|Any CPU.ActiveCfg = Debug|Any CPU
		{DBA828AE-6A6B-4EFB-AB47-2857813445D1}.Debug|Any CPU.Build.0 = Debug|Any CPU
		{DBA828AE-6A6B-4EFB-AB47-2857813445D1}.Release|Any CPU.ActiveCfg = Release|Any CPU
		{DBA828AE-6A6B-4EFB-AB47-2857813445D1}.Release|Any CPU.Build.0 = Release|Any CPU
	EndGlobalSection
	GlobalSection(SolutionProperties) = preSolution
		HideSolutionNode = FALSE
	EndGlobalSection
	GlobalSection(ExtensibilityGlobals) = postSolution
		SolutionGuid = {418A762D-C049-4A71-80B9-B75F4D195A4B}
	EndGlobalSection
EndGlobal
